
Microsoft Visual Studio Solution File, Format Version 12.00
# Visual Studio Version 17
VisualStudioVersion = 17.0.31903.59
MinimumVisualStudioVersion = 10.0.40219.1
Project("{2150E333-8FDC-42A3-9474-1A3956D46DE8}") = "src", "src", "{827E0CD3-B72D-47B6-A68D-7590B98EB39B}"
EndProject
Project("{FAE04EC0-301F-11D3-BF4B-00C04F79EFBC}") = "Rollout.Api", "src\Rollout.Api\Rollout.Api.csproj", "{8A2FC971-FE8B-4104-BA19-61006729F0B6}"
EndProject
Project("{FAE04EC0-301F-11D3-BF4B-00C04F79EFBC}") = "Rollout.Shared", "src\Rollout.Shared\Rollout.Shared.csproj", "{51BF6F7C-3885-4E09-975B-0B09585C1CFE}"
EndProject
Project("{FAE04EC0-301F-11D3-BF4B-00C04F79EFBC}") = "Rollout.Modules.Auth", "src\Rollout.Modules.Auth\Rollout.Modules.Auth.csproj", "{6D8E2B80-8FFB-428D-85DA-18A2999DF6F2}"
EndProject
Project("{FAE04EC0-301F-11D3-BF4B-00C04F79EFBC}") = "Rollout.Modules.Users", "src\Rollout.Modules.Users\Rollout.Modules.Users.csproj", "{0B67CA2B-C168-4493-95E5-763E20B35786}"
EndProject
Project("{FAE04EC0-301F-11D3-BF4B-00C04F79EFBC}") = "Rollout.Modules.Events", "src\Rollout.Modules.Events\Rollout.Modules.Events.csproj", "{FB77B91F-9E78-4701-A764-CC81FD8211F2}"
EndProject
Global
	GlobalSection(SolutionConfigurationPlatforms) = preSolution
		Debug|Any CPU = Debug|Any CPU
		Debug|x64 = Debug|x64
		Debug|x86 = Debug|x86
		Release|Any CPU = Release|Any CPU
		Release|x64 = Release|x64
		Release|x86 = Release|x86
	EndGlobalSection
	GlobalSection(ProjectConfigurationPlatforms) = postSolution
		{8A2FC971-FE8B-4104-BA19-61006729F0B6}.Debug|Any CPU.ActiveCfg = Debug|Any CPU
		{8A2FC971-FE8B-4104-BA19-61006729F0B6}.Debug|Any CPU.Build.0 = Debug|Any CPU
		{8A2FC971-FE8B-4104-BA19-61006729F0B6}.Debug|x64.ActiveCfg = Debug|Any CPU
		{8A2FC971-FE8B-4104-BA19-61006729F0B6}.Debug|x64.Build.0 = Debug|Any CPU
		{8A2FC971-FE8B-4104-BA19-61006729F0B6}.Debug|x86.ActiveCfg = Debug|Any CPU
		{8A2FC971-FE8B-4104-BA19-61006729F0B6}.Debug|x86.Build.0 = Debug|Any CPU
		{8A2FC971-FE8B-4104-BA19-61006729F0B6}.Release|Any CPU.ActiveCfg = Release|Any CPU
		{8A2FC971-FE8B-4104-BA19-61006729F0B6}.Release|Any CPU.Build.0 = Release|Any CPU
		{8A2FC971-FE8B-4104-BA19-61006729F0B6}.Release|x64.ActiveCfg = Release|Any CPU
		{8A2FC971-FE8B-4104-BA19-61006729F0B6}.Release|x64.Build.0 = Release|Any CPU
		{8A2FC971-FE8B-4104-BA19-61006729F0B6}.Release|x86.ActiveCfg = Release|Any CPU
		{8A2FC971-FE8B-4104-BA19-61006729F0B6}.Release|x86.Build.0 = Release|Any CPU
		{51BF6F7C-3885-4E09-975B-0B09585C1CFE}.Debug|Any CPU.ActiveCfg = Debug|Any CPU
		{51BF6F7C-3885-4E09-975B-0B09585C1CFE}.Debug|Any CPU.Build.0 = Debug|Any CPU
		{51BF6F7C-3885-4E09-975B-0B09585C1CFE}.Debug|x64.ActiveCfg = Debug|Any CPU
		{51BF6F7C-3885-4E09-975B-0B09585C1CFE}.Debug|x64.Build.0 = Debug|Any CPU
		{51BF6F7C-3885-4E09-975B-0B09585C1CFE}.Debug|x86.ActiveCfg = Debug|Any CPU
		{51BF6F7C-3885-4E09-975B-0B09585C1CFE}.Debug|x86.Build.0 = Debug|Any CPU
		{51BF6F7C-3885-4E09-975B-0B09585C1CFE}.Release|Any CPU.ActiveCfg = Release|Any CPU
		{51BF6F7C-3885-4E09-975B-0B09585C1CFE}.Release|Any CPU.Build.0 = Release|Any CPU
		{51BF6F7C-3885-4E09-975B-0B09585C1CFE}.Release|x64.ActiveCfg = Release|Any CPU
		{51BF6F7C-3885-4E09-975B-0B09585C1CFE}.Release|x64.Build.0 = Release|Any CPU
		{51BF6F7C-3885-4E09-975B-0B09585C1CFE}.Release|x86.ActiveCfg = Release|Any CPU
		{51BF6F7C-3885-4E09-975B-0B09585C1CFE}.Release|x86.Build.0 = Release|Any CPU
		{6D8E2B80-8FFB-428D-85DA-18A2999DF6F2}.Debug|Any CPU.ActiveCfg = Debug|Any CPU
		{6D8E2B80-8FFB-428D-85DA-18A2999DF6F2}.Debug|Any CPU.Build.0 = Debug|Any CPU
		{6D8E2B80-8FFB-428D-85DA-18A2999DF6F2}.Debug|x64.ActiveCfg = Debug|Any CPU
		{6D8E2B80-8FFB-428D-85DA-18A2999DF6F2}.Debug|x64.Build.0 = Debug|Any CPU
		{6D8E2B80-8FFB-428D-85DA-18A2999DF6F2}.Debug|x86.ActiveCfg = Debug|Any CPU
		{6D8E2B80-8FFB-428D-85DA-18A2999DF6F2}.Debug|x86.Build.0 = Debug|Any CPU
		{6D8E2B80-8FFB-428D-85DA-18A2999DF6F2}.Release|Any CPU.ActiveCfg = Release|Any CPU
		{6D8E2B80-8FFB-428D-85DA-18A2999DF6F2}.Release|Any CPU.Build.0 = Release|Any CPU
		{6D8E2B80-8FFB-428D-85DA-18A2999DF6F2}.Release|x64.ActiveCfg = Release|Any CPU
		{6D8E2B80-8FFB-428D-85DA-18A2999DF6F2}.Release|x64.Build.0 = Release|Any CPU
		{6D8E2B80-8FFB-428D-85DA-18A2999DF6F2}.Release|x86.ActiveCfg = Release|Any CPU
		{6D8E2B80-8FFB-428D-85DA-18A2999DF6F2}.Release|x86.Build.0 = Release|Any CPU
		{0B67CA2B-C168-4493-95E5-763E20B35786}.Debug|Any CPU.ActiveCfg = Debug|Any CPU
		{0B67CA2B-C168-4493-95E5-763E20B35786}.Debug|Any CPU.Build.0 = Debug|Any CPU
		{0B67CA2B-C168-4493-95E5-763E20B35786}.Debug|x64.ActiveCfg = Debug|Any CPU
		{0B67CA2B-C168-4493-95E5-763E20B35786}.Debug|x64.Build.0 = Debug|Any CPU
		{0B67CA2B-C168-4493-95E5-763E20B35786}.Debug|x86.ActiveCfg = Debug|Any CPU
		{0B67CA2B-C168-4493-95E5-763E20B35786}.Debug|x86.Build.0 = Debug|Any CPU
		{0B67CA2B-C168-4493-95E5-763E20B35786}.Release|Any CPU.ActiveCfg = Release|Any CPU
		{0B67CA2B-C168-4493-95E5-763E20B35786}.Release|Any CPU.Build.0 = Release|Any CPU
		{0B67CA2B-C168-4493-95E5-763E20B35786}.Release|x64.ActiveCfg = Release|Any CPU
		{0B67CA2B-C168-4493-95E5-763E20B35786}.Release|x64.Build.0 = Release|Any CPU
		{0B67CA2B-C168-4493-95E5-763E20B35786}.Release|x86.ActiveCfg = Release|Any CPU
		{0B67CA2B-C168-4493-95E5-763E20B35786}.Release|x86.Build.0 = Release|Any CPU
		{FB77B91F-9E78-4701-A764-CC81FD8211F2}.Debug|Any CPU.ActiveCfg = Debug|Any CPU
		{FB77B91F-9E78-4701-A764-CC81FD8211F2}.Debug|Any CPU.Build.0 = Debug|Any CPU
		{FB77B91F-9E78-4701-A764-CC81FD8211F2}.Debug|x64.ActiveCfg = Debug|Any CPU
		{FB77B91F-9E78-4701-A764-CC81FD8211F2}.Debug|x64.Build.0 = Debug|Any CPU
		{FB77B91F-9E78-4701-A764-CC81FD8211F2}.Debug|x86.ActiveCfg = Debug|Any CPU
		{FB77B91F-9E78-4701-A764-CC81FD8211F2}.Debug|x86.Build.0 = Debug|Any CPU
		{FB77B91F-9E78-4701-A764-CC81FD8211F2}.Release|Any CPU.ActiveCfg = Release|Any CPU
		{FB77B91F-9E78-4701-A764-CC81FD8211F2}.Release|Any CPU.Build.0 = Release|Any CPU
		{FB77B91F-9E78-4701-A764-CC81FD8211F2}.Release|x64.ActiveCfg = Release|Any CPU
		{FB77B91F-9E78-4701-A764-CC81FD8211F2}.Release|x64.Build.0 = Release|Any CPU
		{FB77B91F-9E78-4701-A764-CC81FD8211F2}.Release|x86.ActiveCfg = Release|Any CPU
		{FB77B91F-9E78-4701-A764-CC81FD8211F2}.Release|x86.Build.0 = Release|Any CPU
	EndGlobalSection
	GlobalSection(SolutionProperties) = preSolution
		HideSolutionNode = FALSE
	EndGlobalSection
	GlobalSection(NestedProjects) = preSolution
		{8A2FC971-FE8B-4104-BA19-61006729F0B6} = {827E0CD3-B72D-47B6-A68D-7590B98EB39B}
		{51BF6F7C-3885-4E09-975B-0B09585C1CFE} = {827E0CD3-B72D-47B6-A68D-7590B98EB39B}
		{6D8E2B80-8FFB-428D-85DA-18A2999DF6F2} = {827E0CD3-B72D-47B6-A68D-7590B98EB39B}
		{0B67CA2B-C168-4493-95E5-763E20B35786} = {827E0CD3-B72D-47B6-A68D-7590B98EB39B}
		{FB77B91F-9E78-4701-A764-CC81FD8211F2} = {827E0CD3-B72D-47B6-A68D-7590B98EB39B}
	EndGlobalSection
EndGlobal
